// !$*UTF8*$!
{
	archiveVersion = 1;
	classes = {
	};
	objectVersion = 77;
	objects = {

/* Begin PBXBuildFile section */
		E45EA6DD2E04718100C89EBE /* GooglePlaces in Frameworks */ = {isa = PBXBuildFile; productRef = E45EA6DC2E04718100C89EBE /* GooglePlaces */; };
		E45EA6E02E04718E00C89EBE /* GoogleMaps in Frameworks */ = {isa = PBXBuildFile; productRef = E45EA6DF2E04718E00C89EBE /* GoogleMaps */; };
/* End PBXBuildFile section */

/* Begin PBXContainerItemProxy section */
		E4B4DB452E04657500992385 /* PBXContainerItemProxy */ = {
			isa = PBXContainerItemProxy;
			containerPortal = E4B4DB2F2E04657300992385 /* Project object */;
			proxyType = 1;
			remoteGlobalIDString = E4B4DB362E04657300992385;
			remoteInfo = DriveLess;
		};
		E4B4DB4F2E04657500992385 /* PBXContainerItemProxy */ = {
			isa = PBXContainerItemProxy;
			containerPortal = E4B4DB2F2E04657300992385 /* Project object */;
			proxyType = 1;
			remoteGlobalIDString = E4B4DB362E04657300992385;
			remoteInfo = DriveLess;
		};
/* End PBXContainerItemProxy section */

/* Begin PBXFileReference section */
		E4B4DB372E04657300992385 /* DriveLess.app */ = {isa = PBXFileReference; explicitFileType = wrapper.application; includeInIndex = 0; path = DriveLess.app; sourceTree = BUILT_PRODUCTS_DIR; };
		E4B4DB442E04657500992385 /* DriveLessTests.xctest */ = {isa = PBXFileReference; explicitFileType = wrapper.cfbundle; includeInIndex = 0; path = DriveLessTests.xctest; sourceTree = BUILT_PRODUCTS_DIR; };
		E4B4DB4E2E04657500992385 /* DriveLessUITests.xctest */ = {isa = PBXFileReference; explicitFileType = wrapper.cfbundle; includeInIndex = 0; path = DriveLessUITests.xctest; sourceTree = BUILT_PRODUCTS_DIR; };
/* End PBXFileReference section */

/* Begin PBXFileSystemSynchronizedRootGroup section */
		E4B4DB392E04657300992385 /* DriveLess */ = {
			isa = PBXFileSystemSynchronizedRootGroup;
			path = DriveLess;
			sourceTree = "<group>";
		};
		E4B4DB472E04657500992385 /* DriveLessTests */ = {
			isa = PBXFileSystemSynchronizedRootGroup;
			path = DriveLessTests;
			sourceTree = "<group>";
		};
		E4B4DB512E04657500992385 /* DriveLessUITests */ = {
			isa = PBXFileSystemSynchronizedRootGroup;
			path = DriveLessUITests;
			sourceTree = "<group>";
		};
/* End PBXFileSystemSynchronizedRootGroup section */

/* Begin PBXFrameworksBuildPhase section */
		E4B4DB342E04657300992385 /* Frameworks */ = {
			isa = PBXFrameworksBuildPhase;
			buildActionMask = 2147483647;
			files = (
				E45EA6E02E04718E00C89EBE /* GoogleMaps in Frameworks */,
				E45EA6DD2E04718100C89EBE /* GooglePlaces in Frameworks */,
			);
			runOnlyForDeploymentPostprocessing = 0;
		};
		E4B4DB412E04657500992385 /* Frameworks */ = {
			isa = PBXFrameworksBuildPhase;
			buildActionMask = 2147483647;
			files = (
			);
			runOnlyForDeploymentPostprocessing = 0;
		};
		E4B4DB4B2E04657500992385 /* Frameworks */ = {
			isa = PBXFrameworksBuildPhase;
			buildActionMask = 2147483647;
			files = (
			);
			runOnlyForDeploymentPostprocessing = 0;
		};
/* End PBXFrameworksBuildPhase section */

/* Begin PBXGroup section */
		E4B4DB2E2E04657300992385 = {
			isa = PBXGroup;
			children = (
				E4B4DB392E04657300992385 /* DriveLess */,
				E4B4DB472E04657500992385 /* DriveLessTests */,
				E4B4DB512E04657500992385 /* DriveLessUITests */,
				E4B4DB382E04657300992385 /* Products */,
			);
			sourceTree = "<group>";
		};
		E4B4DB382E04657300992385 /* Products */ = {
			isa = PBXGroup;
			children = (
				E4B4DB372E04657300992385 /* DriveLess.app */,
				E4B4DB442E04657500992385 /* DriveLessTests.xctest */,
				E4B4DB4E2E04657500992385 /* DriveLessUITests.xctest */,
			);
			name = Products;
			sourceTree = "<group>";
		};
/* End PBXGroup section */

/* Begin PBXNativeTarget section */
		E4B4DB362E04657300992385 /* DriveLess */ = {
			isa = PBXNativeTarget;
			buildConfigurationList = E4B4DB582E04657500992385 /* Build configuration list for PBXNativeTarget "DriveLess" */;
			buildPhases = (
				E4B4DB332E04657300992385 /* Sources */,
				E4B4DB342E04657300992385 /* Frameworks */,
				E4B4DB352E04657300992385 /* Resources */,
			);
			buildRules = (
			);
			dependencies = (
			);
			fileSystemSynchronizedGroups = (
				E4B4DB392E04657300992385 /* DriveLess */,
			);
			name = DriveLess;
			packageProductDependencies = (
				E45EA6DC2E04718100C89EBE /* GooglePlaces */,
				E45EA6DF2E04718E00C89EBE /* GoogleMaps */,
			);
			productName = DriveLess;
			productReference = E4B4DB372E04657300992385 /* DriveLess.app */;
			productType = "com.apple.product-type.application";
		};
		E4B4DB432E04657500992385 /* DriveLessTests */ = {
			isa = PBXNativeTarget;
			buildConfigurationList = E4B4DB5B2E04657500992385 /* Build configuration list for PBXNativeTarget "DriveLessTests" */;
			buildPhases = (
				E4B4DB402E04657500992385 /* Sources */,
				E4B4DB412E04657500992385 /* Frameworks */,
				E4B4DB422E04657500992385 /* Resources */,
			);
			buildRules = (
			);
			dependencies = (
				E4B4DB462E04657500992385 /* PBXTargetDependency */,
			);
			fileSystemSynchronizedGroups = (
				E4B4DB472E04657500992385 /* DriveLessTests */,
			);
			name = DriveLessTests;
			packageProductDependencies = (
			);
			productName = DriveLessTests;
			productReference = E4B4DB442E04657500992385 /* DriveLessTests.xctest */;
			productType = "com.apple.product-type.bundle.unit-test";
		};
		E4B4DB4D2E04657500992385 /* DriveLessUITests */ = {
			isa = PBXNativeTarget;
			buildConfigurationList = E4B4DB5E2E04657500992385 /* Build configuration list for PBXNativeTarget "DriveLessUITests" */;
			buildPhases = (
				E4B4DB4A2E04657500992385 /* Sources */,
				E4B4DB4B2E04657500992385 /* Frameworks */,
				E4B4DB4C2E04657500992385 /* Resources */,
			);
			buildRules = (
			);
			dependencies = (
				E4B4DB502E04657500992385 /* PBXTargetDependency */,
			);
			fileSystemSynchronizedGroups = (
				E4B4DB512E04657500992385 /* DriveLessUITests */,
			);
			name = DriveLessUITests;
			packageProductDependencies = (
			);
			productName = DriveLessUITests;
			productReference = E4B4DB4E2E04657500992385 /* DriveLessUITests.xctest */;
			productType = "com.apple.product-type.bundle.ui-testing";
		};
/* End PBXNativeTarget section */

/* Begin PBXProject section */
		E4B4DB2F2E04657300992385 /* Project object */ = {
			isa = PBXProject;
			attributes = {
				BuildIndependentTargetsInParallel = 1;
				LastSwiftUpdateCheck = 1640;
				LastUpgradeCheck = 1640;
				TargetAttributes = {
					E4B4DB362E04657300992385 = {
						CreatedOnToolsVersion = 16.4;
					};
					E4B4DB432E04657500992385 = {
						CreatedOnToolsVersion = 16.4;
						TestTargetID = E4B4DB362E04657300992385;
					};
					E4B4DB4D2E04657500992385 = {
						CreatedOnToolsVersion = 16.4;
						TestTargetID = E4B4DB362E04657300992385;
					};
				};
			};
			buildConfigurationList = E4B4DB322E04657300992385 /* Build configuration list for PBXProject "DriveLess" */;
			developmentRegion = en;
			hasScannedForEncodings = 0;
			knownRegions = (
				en,
				Base,
			);
			mainGroup = E4B4DB2E2E04657300992385;
			minimizedProjectReferenceProxies = 1;
			packageReferences = (
				E45EA6DB2E04718100C89EBE /* XCRemoteSwiftPackageReference "ios-places-sdk" */,
				E45EA6DE2E04718E00C89EBE /* XCRemoteSwiftPackageReference "ios-maps-sdk" */,
			);
			preferredProjectObjectVersion = 77;
			productRefGroup = E4B4DB382E04657300992385 /* Products */;
			projectDirPath = "";
			projectRoot = "";
			targets = (
				E4B4DB362E04657300992385 /* DriveLess */,
				E4B4DB432E04657500992385 /* DriveLessTests */,
				E4B4DB4D2E04657500992385 /* DriveLessUITests */,
			);
		};
/* End PBXProject section */

/* Begin PBXResourcesBuildPhase section */
		E4B4DB352E04657300992385 /* Resources */ = {
			isa = PBXResourcesBuildPhase;
			buildActionMask = 2147483647;
			files = (
			);
			runOnlyForDeploymentPostprocessing = 0;
		};
		E4B4DB422E04657500992385 /* Resources */ = {
			isa = PBXResourcesBuildPhase;
			buildActionMask = 2147483647;
			files = (
			);
			runOnlyForDeploymentPostprocessing = 0;
		};
		E4B4DB4C2E04657500992385 /* Resources */ = {
			isa = PBXResourcesBuildPhase;
			buildActionMask = 2147483647;
			files = (
			);
			runOnlyForDeploymentPostprocessing = 0;
		};
/* End PBXResourcesBuildPhase section */

/* Begin PBXSourcesBuildPhase section */
		E4B4DB332E04657300992385 /* Sources */ = {
			isa = PBXSourcesBuildPhase;
			buildActionMask = 2147483647;
			files = (
			);
			runOnlyForDeploymentPostprocessing = 0;
		};
		E4B4DB402E04657500992385 /* Sources */ = {
			isa = PBXSourcesBuildPhase;
			buildActionMask = 2147483647;
			files = (
			);
			runOnlyForDeploymentPostprocessing = 0;
		};
		E4B4DB4A2E04657500992385 /* Sources */ = {
			isa = PBXSourcesBuildPhase;
			buildActionMask = 2147483647;
			files = (
			);
			runOnlyForDeploymentPostprocessing = 0;
		};
/* End PBXSourcesBuildPhase section */

/* Begin PBXTargetDependency section */
		E4B4DB462E04657500992385 /* PBXTargetDependency */ = {
			isa = PBXTargetDependency;
			target = E4B4DB362E04657300992385 /* DriveLess */;
			targetProxy = E4B4DB452E04657500992385 /* PBXContainerItemProxy */;
		};
		E4B4DB502E04657500992385 /* PBXTargetDependency */ = {
			isa = PBXTargetDependency;
			target = E4B4DB362E04657300992385 /* DriveLess */;
			targetProxy = E4B4DB4F2E04657500992385 /* PBXContainerItemProxy */;
		};
/* End PBXTargetDependency section */

/* Begin XCBuildConfiguration section */
		E4B4DB562E04657500992385 /* Debug */ = {
			isa = XCBuildConfiguration;
			buildSettings = {
				ALWAYS_SEARCH_USER_PATHS = NO;
				ASSETCATALOG_COMPILER_GENERATE_SWIFT_ASSET_SYMBOL_EXTENSIONS = YES;
				CLANG_ANALYZER_NONNULL = YES;
				CLANG_ANALYZER_NUMBER_OBJECT_CONVERSION = YES_AGGRESSIVE;
				CLANG_CXX_LANGUAGE_STANDARD = "gnu++20";
				CLANG_ENABLE_MODULES = YES;
				CLANG_ENABLE_OBJC_ARC = YES;
				CLANG_ENABLE_OBJC_WEAK = YES;
				CLANG_WARN_BLOCK_CAPTURE_AUTORELEASING = YES;
				CLANG_WARN_BOOL_CONVERSION = YES;
				CLANG_WARN_COMMA = YES;
				CLANG_WARN_CONSTANT_CONVERSION = YES;
				CLANG_WARN_DEPRECATED_OBJC_IMPLEMENTATIONS = YES;
				CLANG_WARN_DIRECT_OBJC_ISA_USAGE = YES_ERROR;
				CLANG_WARN_DOCUMENTATION_COMMENTS = YES;
				CLANG_WARN_EMPTY_BODY = YES;
				CLANG_WARN_ENUM_CONVERSION = YES;
				CLANG_WARN_INFINITE_RECURSION = YES;
				CLANG_WARN_INT_CONVERSION = YES;
				CLANG_WARN_NON_LITERAL_NULL_CONVERSION = YES;
				CLANG_WARN_OBJC_IMPLICIT_RETAIN_SELF = YES;
				CLANG_WARN_OBJC_LITERAL_CONVERSION = YES;
				CLANG_WARN_OBJC_ROOT_CLASS = YES_ERROR;
				CLANG_WARN_QUOTED_INCLUDE_IN_FRAMEWORK_HEADER = YES;
				CLANG_WARN_RANGE_LOOP_ANALYSIS = YES;
				CLANG_WARN_STRICT_PROTOTYPES = YES;
				CLANG_WARN_SUSPICIOUS_MOVE = YES;
				CLANG_WARN_UNGUARDED_AVAILABILITY = YES_AGGRESSIVE;
				CLANG_WARN_UNREACHABLE_CODE = YES;
				CLANG_WARN__DUPLICATE_METHOD_MATCH = YES;
				COPY_PHASE_STRIP = NO;
				DEBUG_INFORMATION_FORMAT = dwarf;
				DEVELOPMENT_TEAM = DCXK36979S;
				ENABLE_STRICT_OBJC_MSGSEND = YES;
				ENABLE_TESTABILITY = YES;
				ENABLE_USER_SCRIPT_SANDBOXING = YES;
				GCC_C_LANGUAGE_STANDARD = gnu17;
				GCC_DYNAMIC_NO_PIC = NO;
				GCC_NO_COMMON_BLOCKS = YES;
				GCC_OPTIMIZATION_LEVEL = 0;
				GCC_PREPROCESSOR_DEFINITIONS = (
					"DEBUG=1",
					"$(inherited)",
				);
				GCC_WARN_64_TO_32_BIT_CONVERSION = YES;
				GCC_WARN_ABOUT_RETURN_TYPE = YES_ERROR;
				GCC_WARN_UNDECLARED_SELECTOR = YES;
				GCC_WARN_UNINITIALIZED_AUTOS = YES_AGGRESSIVE;
				GCC_WARN_UNUSED_FUNCTION = YES;
				GCC_WARN_UNUSED_VARIABLE = YES;
				IPHONEOS_DEPLOYMENT_TARGET = 18.5;
				LOCALIZATION_PREFERS_STRING_CATALOGS = YES;
				MTL_ENABLE_DEBUG_INFO = INCLUDE_SOURCE;
				MTL_FAST_MATH = YES;
				ONLY_ACTIVE_ARCH = YES;
				SDKROOT = iphoneos;
				SWIFT_ACTIVE_COMPILATION_CONDITIONS = "DEBUG $(inherited)";
				SWIFT_OPTIMIZATION_LEVEL = "-Onone";
			};
			name = Debug;
		};
		E4B4DB572E04657500992385 /* Release */ = {
			isa = XCBuildConfiguration;
			buildSettings = {
				ALWAYS_SEARCH_USER_PATHS = NO;
				ASSETCATALOG_COMPILER_GENERATE_SWIFT_ASSET_SYMBOL_EXTENSIONS = YES;
				CLANG_ANALYZER_NONNULL = YES;
				CLANG_ANALYZER_NUMBER_OBJECT_CONVERSION = YES_AGGRESSIVE;
				CLANG_CXX_LANGUAGE_STANDARD = "gnu++20";
				CLANG_ENABLE_MODULES = YES;
				CLANG_ENABLE_OBJC_ARC = YES;
				CLANG_ENABLE_OBJC_WEAK = YES;
				CLANG_WARN_BLOCK_CAPTURE_AUTORELEASING = YES;
				CLANG_WARN_BOOL_CONVERSION = YES;
				CLANG_WARN_COMMA = YES;
				CLANG_WARN_CONSTANT_CONVERSION = YES;
				CLANG_WARN_DEPRECATED_OBJC_IMPLEMENTATIONS = YES;
				CLANG_WARN_DIRECT_OBJC_ISA_USAGE = YES_ERROR;
				CLANG_WARN_DOCUMENTATION_COMMENTS = YES;
				CLANG_WARN_EMPTY_BODY = YES;
				CLANG_WARN_ENUM_CONVERSION = YES;
				CLANG_WARN_INFINITE_RECURSION = YES;
				CLANG_WARN_INT_CONVERSION = YES;
				CLANG_WARN_NON_LITERAL_NULL_CONVERSION = YES;
				CLANG_WARN_OBJC_IMPLICIT_RETAIN_SELF = YES;
				CLANG_WARN_OBJC_LITERAL_CONVERSION = YES;
				CLANG_WARN_OBJC_ROOT_CLASS = YES_ERROR;
				CLANG_WARN_QUOTED_INCLUDE_IN_FRAMEWORK_HEADER = YES;
				CLANG_WARN_RANGE_LOOP_ANALYSIS = YES;
				CLANG_WARN_STRICT_PROTOTYPES = YES;
				CLANG_WARN_SUSPICIOUS_MOVE = YES;
				CLANG_WARN_UNGUARDED_AVAILABILITY = YES_AGGRESSIVE;
				CLANG_WARN_UNREACHABLE_CODE = YES;
				CLANG_WARN__DUPLICATE_METHOD_MATCH = YES;
				COPY_PHASE_STRIP = NO;
				DEBUG_INFORMATION_FORMAT = "dwarf-with-dsym";
				DEVELOPMENT_TEAM = DCXK36979S;
				ENABLE_NS_ASSERTIONS = NO;
				ENABLE_STRICT_OBJC_MSGSEND = YES;
				ENABLE_USER_SCRIPT_SANDBOXING = YES;
				GCC_C_LANGUAGE_STANDARD = gnu17;
				GCC_NO_COMMON_BLOCKS = YES;
				GCC_WARN_64_TO_32_BIT_CONVERSION = YES;
				GCC_WARN_ABOUT_RETURN_TYPE = YES_ERROR;
				GCC_WARN_UNDECLARED_SELECTOR = YES;
				GCC_WARN_UNINITIALIZED_AUTOS = YES_AGGRESSIVE;
				GCC_WARN_UNUSED_FUNCTION = YES;
				GCC_WARN_UNUSED_VARIABLE = YES;
				IPHONEOS_DEPLOYMENT_TARGET = 18.5;
				LOCALIZATION_PREFERS_STRING_CATALOGS = YES;
				MTL_ENABLE_DEBUG_INFO = NO;
				MTL_FAST_MATH = YES;
				SDKROOT = iphoneos;
				SWIFT_COMPILATION_MODE = wholemodule;
				VALIDATE_PRODUCT = YES;
			};
			name = Release;
		};
		E4B4DB592E04657500992385 /* Debug */ = {
			isa = XCBuildConfiguration;
			buildSettings = {
				ASSETCATALOG_COMPILER_APPICON_NAME = AppIcon;
				ASSETCATALOG_COMPILER_GLOBAL_ACCENT_COLOR_NAME = AccentColor;
				CODE_SIGN_STYLE = Automatic;
				CURRENT_PROJECT_VERSION = 1;
				DEVELOPMENT_TEAM = DCXK36979S;
				ENABLE_PREVIEWS = YES;
				GENERATE_INFOPLIST_FILE = YES;
				INFOPLIST_KEY_NSLocationAlwaysAndWhenInUseUsageDescription = "DriveLess needs location access to provide route optimization and navigation features.";
				INFOPLIST_KEY_NSLocationWhenInUseUsageDescription = "DriveLess needs location access to provide route optimization from your current location.";
				INFOPLIST_KEY_UIApplicationSceneManifest_Generation = YES;
				INFOPLIST_KEY_UIApplicationSupportsIndirectInputEvents = YES;
				INFOPLIST_KEY_UILaunchScreen_Generation = YES;
				INFOPLIST_KEY_UISupportedInterfaceOrientations_iPad = "UIInterfaceOrientationPortrait UIInterfaceOrientationPortraitUpsideDown UIInterfaceOrientationLandscapeLeft UIInterfaceOrientationLandscapeRight";
				INFOPLIST_KEY_UISupportedInterfaceOrientations_iPhone = "UIInterfaceOrientationPortrait UIInterfaceOrientationLandscapeLeft UIInterfaceOrientationLandscapeRight";
				LD_RUNPATH_SEARCH_PATHS = (
					"$(inherited)",
					"@executable_path/Frameworks",
				);
				MARKETING_VERSION = 1.0;
				PRODUCT_BUNDLE_IDENTIFIER = DriveLess.DriveLess;
				PRODUCT_NAME = "$(TARGET_NAME)";
				SWIFT_EMIT_LOC_STRINGS = YES;
				SWIFT_VERSION = 5.0;
				TARGETED_DEVICE_FAMILY = "1,2";
			};
			name = Debug;
		};
		E4B4DB5A2E04657500992385 /* Release */ = {
			isa = XCBuildConfiguration;
			buildSettings = {
				ASSETCATALOG_COMPILER_APPICON_NAME = AppIcon;
				ASSETCATALOG_COMPILER_GLOBAL_ACCENT_COLOR_NAME = AccentColor;
				CODE_SIGN_STYLE = Automatic;
				CURRENT_PROJECT_VERSION = 1;
				DEVELOPMENT_TEAM = DCXK36979S;
				ENABLE_PREVIEWS = YES;
				GENERATE_INFOPLIST_FILE = YES;
				INFOPLIST_KEY_NSLocationAlwaysAndWhenInUseUsageDescription = "DriveLess needs location access to provide route optimization and navigation features.";
				INFOPLIST_KEY_NSLocationWhenInUseUsageDescription = "DriveLess needs location access to provide route optimization from your current location.";
				INFOPLIST_KEY_UIApplicationSceneManifest_Generation = YES;
				INFOPLIST_KEY_UIApplicationSupportsIndirectInputEvents = YES;
				INFOPLIST_KEY_UILaunchScreen_Generation = YES;
				INFOPLIST_KEY_UISupportedInterfaceOrientations_iPad = "UIInterfaceOrientationPortrait UIInterfaceOrientationPortraitUpsideDown UIInterfaceOrientationLandscapeLeft UIInterfaceOrientationLandscapeRight";
				INFOPLIST_KEY_UISupportedInterfaceOrientations_iPhone = "UIInterfaceOrientationPortrait UIInterfaceOrientationLandscapeLeft UIInterfaceOrientationLandscapeRight";
				LD_RUNPATH_SEARCH_PATHS = (
					"$(inherited)",
					"@executable_path/Frameworks",
				);
				MARKETING_VERSION = 1.0;
				PRODUCT_BUNDLE_IDENTIFIER = DriveLess.DriveLess;
				PRODUCT_NAME = "$(TARGET_NAME)";
				SWIFT_EMIT_LOC_STRINGS = YES;
				SWIFT_VERSION = 5.0;
				TARGETED_DEVICE_FAMILY = "1,2";
			};
			name = Release;
		};
		E4B4DB5C2E04657500992385 /* Debug */ = {
			isa = XCBuildConfiguration;
			buildSettings = {
				BUNDLE_LOADER = "$(TEST_HOST)";
				CODE_SIGN_STYLE = Automatic;
				CURRENT_PROJECT_VERSION = 1;
				DEVELOPMENT_TEAM = DCXK36979S;
				GENERATE_INFOPLIST_FILE = YES;
				IPHONEOS_DEPLOYMENT_TARGET = 18.5;
				MARKETING_VERSION = 1.0;
				PRODUCT_BUNDLE_IDENTIFIER = DriveLess.DriveLessTests;
				PRODUCT_NAME = "$(TARGET_NAME)";
				SWIFT_EMIT_LOC_STRINGS = NO;
				SWIFT_VERSION = 5.0;
				TARGETED_DEVICE_FAMILY = "1,2";
				TEST_HOST = "$(BUILT_PRODUCTS_DIR)/DriveLess.app/$(BUNDLE_EXECUTABLE_FOLDER_PATH)/DriveLess";
			};
			name = Debug;
		};
		E4B4DB5D2E04657500992385 /* Release */ = {
			isa = XCBuildConfiguration;
			buildSettings = {
				BUNDLE_LOADER = "$(TEST_HOST)";
				CODE_SIGN_STYLE = Automatic;
				CURRENT_PROJECT_VERSION = 1;
				DEVELOPMENT_TEAM = DCXK36979S;
				GENERATE_INFOPLIST_FILE = YES;
				IPHONEOS_DEPLOYMENT_TARGET = 18.5;
				MARKETING_VERSION = 1.0;
				PRODUCT_BUNDLE_IDENTIFIER = DriveLess.DriveLessTests;
				PRODUCT_NAME = "$(TARGET_NAME)";
				SWIFT_EMIT_LOC_STRINGS = NO;
				SWIFT_VERSION = 5.0;
				TARGETED_DEVICE_FAMILY = "1,2";
				TEST_HOST = "$(BUILT_PRODUCTS_DIR)/DriveLess.app/$(BUNDLE_EXECUTABLE_FOLDER_PATH)/DriveLess";
			};
			name = Release;
		};
		E4B4DB5F2E04657500992385 /* Debug */ = {
			isa = XCBuildConfiguration;
			buildSettings = {
				CODE_SIGN_STYLE = Automatic;
				CURRENT_PROJECT_VERSION = 1;
				DEVELOPMENT_TEAM = DCXK36979S;
				GENERATE_INFOPLIST_FILE = YES;
				MARKETING_VERSION = 1.0;
				PRODUCT_BUNDLE_IDENTIFIER = DriveLess.DriveLessUITests;
				PRODUCT_NAME = "$(TARGET_NAME)";
				SWIFT_EMIT_LOC_STRINGS = NO;
				SWIFT_VERSION = 5.0;
				TARGETED_DEVICE_FAMILY = "1,2";
				TEST_TARGET_NAME = DriveLess;
			};
			name = Debug;
		};
		E4B4DB602E04657500992385 /* Release */ = {
			isa = XCBuildConfiguration;
			buildSettings = {
				CODE_SIGN_STYLE = Automatic;
				CURRENT_PROJECT_VERSION = 1;
				DEVELOPMENT_TEAM = DCXK36979S;
				GENERATE_INFOPLIST_FILE = YES;
				MARKETING_VERSION = 1.0;
				PRODUCT_BUNDLE_IDENTIFIER = DriveLess.DriveLessUITests;
				PRODUCT_NAME = "$(TARGET_NAME)";
				SWIFT_EMIT_LOC_STRINGS = NO;
				SWIFT_VERSION = 5.0;
				TARGETED_DEVICE_FAMILY = "1,2";
				TEST_TARGET_NAME = DriveLess;
			};
			name = Release;
		};
/* End XCBuildConfiguration section */

/* Begin XCConfigurationList section */
		E4B4DB322E04657300992385 /* Build configuration list for PBXProject "DriveLess" */ = {
			isa = XCConfigurationList;
			buildConfigurations = (
				E4B4DB562E04657500992385 /* Debug */,
				E4B4DB572E04657500992385 /* Release */,
			);
			defaultConfigurationIsVisible = 0;
			defaultConfigurationName = Release;
		};
		E4B4DB582E04657500992385 /* Build configuration list for PBXNativeTarget "DriveLess" */ = {
			isa = XCConfigurationList;
			buildConfigurations = (
				E4B4DB592E04657500992385 /* Debug */,
				E4B4DB5A2E04657500992385 /* Release */,
			);
			defaultConfigurationIsVisible = 0;
			defaultConfigurationName = Release;
		};
		E4B4DB5B2E04657500992385 /* Build configuration list for PBXNativeTarget "DriveLessTests" */ = {
			isa = XCConfigurationList;
			buildConfigurations = (
				E4B4DB5C2E04657500992385 /* Debug */,
				E4B4DB5D2E04657500992385 /* Release */,
			);
			defaultConfigurationIsVisible = 0;
			defaultConfigurationName = Release;
		};
		E4B4DB5E2E04657500992385 /* Build configuration list for PBXNativeTarget "DriveLessUITests" */ = {
			isa = XCConfigurationList;
			buildConfigurations = (
				E4B4DB5F2E04657500992385 /* Debug */,
				E4B4DB602E04657500992385 /* Release */,
			);
			defaultConfigurationIsVisible = 0;
			defaultConfigurationName = Release;
		};
/* End XCConfigurationList section */

/* Begin XCRemoteSwiftPackageReference section */
		E45EA6DB2E04718100C89EBE /* XCRemoteSwiftPackageReference "ios-places-sdk" */ = {
			isa = XCRemoteSwiftPackageReference;
			repositoryURL = "https://github.com/googlemaps/ios-places-sdk";
			requirement = {
				kind = upToNextMajorVersion;
				minimumVersion = 10.0.0;
			};
		};
		E45EA6DE2E04718E00C89EBE /* XCRemoteSwiftPackageReference "ios-maps-sdk" */ = {
			isa = XCRemoteSwiftPackageReference;
			repositoryURL = "https://github.com/googlemaps/ios-maps-sdk";
			requirement = {
				kind = upToNextMajorVersion;
				minimumVersion = 10.0.0;
			};
		};
/* End XCRemoteSwiftPackageReference section */

/* Begin XCSwiftPackageProductDependency section */
		E45EA6DC2E04718100C89EBE /* GooglePlaces */ = {
			isa = XCSwiftPackageProductDependency;
			package = E45EA6DB2E04718100C89EBE /* XCRemoteSwiftPackageReference "ios-places-sdk" */;
			productName = GooglePlaces;
		};
		E45EA6DF2E04718E00C89EBE /* GoogleMaps */ = {
			isa = XCSwiftPackageProductDependency;
			package = E45EA6DE2E04718E00C89EBE /* XCRemoteSwiftPackageReference "ios-maps-sdk" */;
			productName = GoogleMaps;
		};
/* End XCSwiftPackageProductDependency section */
	};
	rootObject = E4B4DB2F2E04657300992385 /* Project object */;
}
