{
  "originHash" : "38b85f41194e321e86a4aa73c3ba3fee81a75bf81f1737d0edd61e9af858b020",
  "pins" : [
    {
      "identity" : "ios-maps-sdk",
      "kind" : "remoteSourceControl",
      "location" : "https://github.com/googlemaps/ios-maps-sdk",
      "state" : {
        "revision" : "9c540f3b475a800e947a09b8903b212a6634cf30",
        "version" : "10.0.0"
      }
    },
    {
      "identity" : "ios-places-sdk",
      "kind" : "remoteSourceControl",
      "location" : "https://github.com/googlemaps/ios-places-sdk",
      "state" : {
        "revision" : "3b1b42f441ce4587472972fcd74f509a242a0fb7",
        "version" : "10.0.0"
      }
    }
  ],
  "version" : 3
}
